
Microsoft Visual Studio Solution File, Format Version 12.00
# Visual Studio 2013
VisualStudioVersion = 12.0.31101.0
MinimumVisualStudioVersion = 10.0.40219.1
Project("{FAE04EC0-301F-11D3-BF4B-00C04F79EFBC}") = "ConfigEncryptionRsa", "ConfigEncryptionRsa\ConfigEncryptionRsa.csproj", "{F7B51E72-D324-4737-8D11-CB3CA3604EBB}"
EndProject
Project("{FAE04EC0-301F-11D3-BF4B-00C04F79EFBC}") = "X509ProtectedConfigProvider", "X509ProtectedConfigProvider\X509ProtectedConfigProvider.csproj", "{5ECE2458-947F-4F6B-9F7C-650114DAD760}"
EndProject
Global
	GlobalSection(SolutionConfigurationPlatforms) = preSolution
		Debug|Any CPU = Debug|Any CPU
		Release|Any CPU = Release|Any CPU
	EndGlobalSection
	GlobalSection(ProjectConfigurationPlatforms) = postSolution
		{F7B51E72-D324-4737-8D11-CB3CA3604EBB}.Debug|Any CPU.ActiveCfg = Debug|Any CPU
		{F7B51E72-D324-4737-8D11-CB3CA3604EBB}.Debug|Any CPU.Build.0 = Debug|Any CPU
		{F7B51E72-D324-4737-8D11-CB3CA3604EBB}.Release|Any CPU.ActiveCfg = Release|Any CPU
		{F7B51E72-D324-4737-8D11-CB3CA3604EBB}.Release|Any CPU.Build.0 = Release|Any CPU
		{5ECE2458-947F-4F6B-9F7C-650114DAD760}.Debug|Any CPU.ActiveCfg = Debug|Any CPU
		{5ECE2458-947F-4F6B-9F7C-650114DAD760}.Debug|Any CPU.Build.0 = Debug|Any CPU
		{5ECE2458-947F-4F6B-9F7C-650114DAD760}.Release|Any CPU.ActiveCfg = Release|Any CPU
		{5ECE2458-947F-4F6B-9F7C-650114DAD760}.Release|Any CPU.Build.0 = Release|Any CPU
	EndGlobalSection
	GlobalSection(SolutionProperties) = preSolution
		HideSolutionNode = FALSE
	EndGlobalSection
EndGlobal
